
Microsoft Visual Studio Solution File, Format Version 12.00
# Visual Studio Version 17
VisualStudioVersion = 17.9.34622.214
MinimumVisualStudioVersion = 10.0.40219.1
Project("{9A19103F-16F7-4668-BE54-9A1E7A4F7556}") = "ModerationProject", "ModerationProject.csproj", "{176CE62E-D629-4019-B992-7BBCB313833E}"
EndProject
Project("{FAE04EC0-301F-11D3-BF4B-00C04F79EFBC}") = "Testing", "..\Testing\Testing.csproj", "{25F55C93-8A82-4CB0-BE70-A8FCECECC5FF}"
EndProject
Global
	GlobalSection(SolutionConfigurationPlatforms) = preSolution
		Debug|Any CPU = Debug|Any CPU
		Release|Any CPU = Release|Any CPU
	EndGlobalSection
	GlobalSection(ProjectConfigurationPlatforms) = postSolution
		{176CE62E-D629-4019-B992-7BBCB313833E}.Debug|Any CPU.ActiveCfg = Debug|Any CPU
		{176CE62E-D629-4019-B992-7BBCB313833E}.Debug|Any CPU.Build.0 = Debug|Any CPU
		{176CE62E-D629-4019-B992-7BBCB313833E}.Release|Any CPU.ActiveCfg = Release|Any CPU
		{176CE62E-D629-4019-B992-7BBCB313833E}.Release|Any CPU.Build.0 = Release|Any CPU
		{25F55C93-8A82-4CB0-BE70-A8FCECECC5FF}.Debug|Any CPU.ActiveCfg = Debug|Any CPU
		{25F55C93-8A82-4CB0-BE70-A8FCECECC5FF}.Debug|Any CPU.Build.0 = Debug|Any CPU
		{25F55C93-8A82-4CB0-BE70-A8FCECECC5FF}.Release|Any CPU.ActiveCfg = Release|Any CPU
		{25F55C93-8A82-4CB0-BE70-A8FCECECC5FF}.Release|Any CPU.Build.0 = Release|Any CPU
	EndGlobalSection
	GlobalSection(SolutionProperties) = preSolution
		HideSolutionNode = FALSE
	EndGlobalSection
	GlobalSection(ExtensibilityGlobals) = postSolution
		SolutionGuid = {F2848E54-70D6-4A08-9678-A57BB75ABE3B}
	EndGlobalSection
EndGlobal
